// !$*UTF8*$!
{
	archiveVersion = 1;
	classes = {
	};
	objectVersion = 51;
	objects = {

/* Begin PBXBuildFile section */
		08094C7225E84D990093315B /* AppDelegate.swift in Sources */ = {isa = PBXBuildFile; fileRef = 08094C7125E84D990093315B /* AppDelegate.swift */; };
		08094C7425E84D990093315B /* SceneDelegate.swift in Sources */ = {isa = PBXBuildFile; fileRef = 08094C7325E84D990093315B /* SceneDelegate.swift */; };
		08094C7625E84D990093315B /* ViewController.swift in Sources */ = {isa = PBXBuildFile; fileRef = 08094C7525E84D990093315B /* ViewController.swift */; };
		08094C7925E84D990093315B /* Main.storyboard in Resources */ = {isa = PBXBuildFile; fileRef = 08094C7725E84D990093315B /* Main.storyboard */; };
		08094C7B25E84DA90093315B /* Assets.xcassets in Resources */ = {isa = PBXBuildFile; fileRef = 08094C7A25E84DA90093315B /* Assets.xcassets */; };
		08094C7E25E84DA90093315B /* LaunchScreen.storyboard in Resources */ = {isa = PBXBuildFile; fileRef = 08094C7C25E84DA90093315B /* LaunchScreen.storyboard */; };
		0884A69625E86E3700AB5BDA /* TableViewController.swift in Sources */ = {isa = PBXBuildFile; fileRef = 0884A69525E86E3700AB5BDA /* TableViewController.swift */; };
		0884A69925E8731700AB5BDA /* Constant.swift in Sources */ = {isa = PBXBuildFile; fileRef = 0884A69825E8731700AB5BDA /* Constant.swift */; };
		0884A6B125F1D82A00AB5BDA /* CovidResponse.swift in Sources */ = {isa = PBXBuildFile; fileRef = 0884A6B025F1D82A00AB5BDA /* CovidResponse.swift */; };
		0884A6C825F1E8D400AB5BDA /* TableViewCell.swift in Sources */ = {isa = PBXBuildFile; fileRef = 0884A6C625F1E8D400AB5BDA /* TableViewCell.swift */; };
		0884A6C925F1E8D400AB5BDA /* TableViewCell.xib in Resources */ = {isa = PBXBuildFile; fileRef = 0884A6C725F1E8D400AB5BDA /* TableViewCell.xib */; };
		D29F013A51E9DE2D70661403 /* Pods_NetworkCallPromises.framework in Frameworks */ = {isa = PBXBuildFile; fileRef = CB613B282D17D7A27FEE220E /* Pods_NetworkCallPromises.framework */; };
/* End PBXBuildFile section */

/* Begin PBXFileReference section */
		050C27703D7FA24282267414 /* Pods-NetworkCallPromises.debug.xcconfig */ = {isa = PBXFileReference; includeInIndex = 1; lastKnownFileType = text.xcconfig; name = "Pods-NetworkCallPromises.debug.xcconfig"; path = "Target Support Files/Pods-NetworkCallPromises/Pods-NetworkCallPromises.debug.xcconfig"; sourceTree = "<group>"; };
		08094C6E25E84D990093315B /* NetworkCallPromises.app */ = {isa = PBXFileReference; explicitFileType = wrapper.application; includeInIndex = 0; path = NetworkCallPromises.app; sourceTree = BUILT_PRODUCTS_DIR; };
		08094C7125E84D990093315B /* AppDelegate.swift */ = {isa = PBXFileReference; lastKnownFileType = sourcecode.swift; path = AppDelegate.swift; sourceTree = "<group>"; };
		08094C7325E84D990093315B /* SceneDelegate.swift */ = {isa = PBXFileReference; lastKnownFileType = sourcecode.swift; path = SceneDelegate.swift; sourceTree = "<group>"; };
		08094C7525E84D990093315B /* ViewController.swift */ = {isa = PBXFileReference; lastKnownFileType = sourcecode.swift; path = ViewController.swift; sourceTree = "<group>"; };
		08094C7825E84D990093315B /* Base */ = {isa = PBXFileReference; lastKnownFileType = file.storyboard; name = Base; path = Base.lproj/Main.storyboard; sourceTree = "<group>"; };
		08094C7A25E84DA90093315B /* Assets.xcassets */ = {isa = PBXFileReference; lastKnownFileType = folder.assetcatalog; path = Assets.xcassets; sourceTree = "<group>"; };
		08094C7D25E84DA90093315B /* Base */ = {isa = PBXFileReference; lastKnownFileType = file.storyboard; name = Base; path = Base.lproj/LaunchScreen.storyboard; sourceTree = "<group>"; };
		08094C7F25E84DA90093315B /* Info.plist */ = {isa = PBXFileReference; lastKnownFileType = text.plist.xml; path = Info.plist; sourceTree = "<group>"; };
		0884A69525E86E3700AB5BDA /* TableViewController.swift */ = {isa = PBXFileReference; lastKnownFileType = sourcecode.swift; path = TableViewController.swift; sourceTree = "<group>"; };
		0884A69825E8731700AB5BDA /* Constant.swift */ = {isa = PBXFileReference; lastKnownFileType = sourcecode.swift; path = Constant.swift; sourceTree = "<group>"; };
		0884A6B025F1D82A00AB5BDA /* CovidResponse.swift */ = {isa = PBXFileReference; lastKnownFileType = sourcecode.swift; path = CovidResponse.swift; sourceTree = "<group>"; };
		0884A6C625F1E8D400AB5BDA /* TableViewCell.swift */ = {isa = PBXFileReference; lastKnownFileType = sourcecode.swift; path = TableViewCell.swift; sourceTree = "<group>"; };
		0884A6C725F1E8D400AB5BDA /* TableViewCell.xib */ = {isa = PBXFileReference; lastKnownFileType = file.xib; path = TableViewCell.xib; sourceTree = "<group>"; };
		1934E3E6193616ED0B02437D /* Pods-GetNewsTitle.debug.xcconfig */ = {isa = PBXFileReference; includeInIndex = 1; lastKnownFileType = text.xcconfig; name = "Pods-GetNewsTitle.debug.xcconfig"; path = "Target Support Files/Pods-GetNewsTitle/Pods-GetNewsTitle.debug.xcconfig"; sourceTree = "<group>"; };
		4689D8B75ECCC7902767B60E /* Pods-NetworkCallPromises.release.xcconfig */ = {isa = PBXFileReference; includeInIndex = 1; lastKnownFileType = text.xcconfig; name = "Pods-NetworkCallPromises.release.xcconfig"; path = "Target Support Files/Pods-NetworkCallPromises/Pods-NetworkCallPromises.release.xcconfig"; sourceTree = "<group>"; };
		610301CAC9C7F4650231AFCD /* Pods-GetNewsTitle.release.xcconfig */ = {isa = PBXFileReference; includeInIndex = 1; lastKnownFileType = text.xcconfig; name = "Pods-GetNewsTitle.release.xcconfig"; path = "Target Support Files/Pods-GetNewsTitle/Pods-GetNewsTitle.release.xcconfig"; sourceTree = "<group>"; };
		CB613B282D17D7A27FEE220E /* Pods_NetworkCallPromises.framework */ = {isa = PBXFileReference; explicitFileType = wrapper.framework; includeInIndex = 0; path = Pods_NetworkCallPromises.framework; sourceTree = BUILT_PRODUCTS_DIR; };
/* End PBXFileReference section */

/* Begin PBXFrameworksBuildPhase section */
		08094C6B25E84D990093315B /* Frameworks */ = {
			isa = PBXFrameworksBuildPhase;
			buildActionMask = 2147483647;
			files = (
				D29F013A51E9DE2D70661403 /* Pods_NetworkCallPromises.framework in Frameworks */,
			);
			runOnlyForDeploymentPostprocessing = 0;
		};
/* End PBXFrameworksBuildPhase section */

/* Begin PBXGroup section */
		08094C6525E84D990093315B = {
			isa = PBXGroup;
			children = (
				08094C7025E84D990093315B /* NetworkCallPromises */,
				08094C6F25E84D990093315B /* Products */,
				EFEE2AEDB062B85226DA37A2 /* Pods */,
				7BA383BB331C72791C3D4EB6 /* Frameworks */,
			);
			sourceTree = "<group>";
		};
		08094C6F25E84D990093315B /* Products */ = {
			isa = PBXGroup;
			children = (
				08094C6E25E84D990093315B /* NetworkCallPromises.app */,
			);
			name = Products;
			sourceTree = "<group>";
		};
		08094C7025E84D990093315B /* NetworkCallPromises */ = {
			isa = PBXGroup;
			children = (
				08094C7125E84D990093315B /* AppDelegate.swift */,
				08094C7325E84D990093315B /* SceneDelegate.swift */,
				08094C7525E84D990093315B /* ViewController.swift */,
				08094C7725E84D990093315B /* Main.storyboard */,
				08094C7A25E84DA90093315B /* Assets.xcassets */,
				08094C7C25E84DA90093315B /* LaunchScreen.storyboard */,
				08094C7F25E84DA90093315B /* Info.plist */,
				0884A69525E86E3700AB5BDA /* TableViewController.swift */,
				0884A69825E8731700AB5BDA /* Constant.swift */,
				0884A6B025F1D82A00AB5BDA /* CovidResponse.swift */,
				0884A6C625F1E8D400AB5BDA /* TableViewCell.swift */,
				0884A6C725F1E8D400AB5BDA /* TableViewCell.xib */,
			);
			path = NetworkCallPromises;
			sourceTree = "<group>";
		};
		7BA383BB331C72791C3D4EB6 /* Frameworks */ = {
			isa = PBXGroup;
			children = (
				CB613B282D17D7A27FEE220E /* Pods_NetworkCallPromises.framework */,
			);
			name = Frameworks;
			sourceTree = "<group>";
		};
		EFEE2AEDB062B85226DA37A2 /* Pods */ = {
			isa = PBXGroup;
			children = (
				1934E3E6193616ED0B02437D /* Pods-GetNewsTitle.debug.xcconfig */,
				610301CAC9C7F4650231AFCD /* Pods-GetNewsTitle.release.xcconfig */,
				050C27703D7FA24282267414 /* Pods-NetworkCallPromises.debug.xcconfig */,
				4689D8B75ECCC7902767B60E /* Pods-NetworkCallPromises.release.xcconfig */,
			);
			path = Pods;
			sourceTree = "<group>";
		};
/* End PBXGroup section */

/* Begin PBXNativeTarget section */
		08094C6D25E84D990093315B /* NetworkCallPromises */ = {
			isa = PBXNativeTarget;
			buildConfigurationList = 08094C8225E84DA90093315B /* Build configuration list for PBXNativeTarget "NetworkCallPromises" */;
			buildPhases = (
				E3187426F61AC46FF84ADBAE /* [CP] Check Pods Manifest.lock */,
				08094C6A25E84D990093315B /* Sources */,
				08094C6B25E84D990093315B /* Frameworks */,
				08094C6C25E84D990093315B /* Resources */,
				B0A51AA57422B3656FDA5DD8 /* [CP] Embed Pods Frameworks */,
			);
			buildRules = (
			);
			dependencies = (
			);
			name = NetworkCallPromises;
			productName = GetNewsTitle;
			productReference = 08094C6E25E84D990093315B /* NetworkCallPromises.app */;
			productType = "com.apple.product-type.application";
		};
/* End PBXNativeTarget section */

/* Begin PBXProject section */
		08094C6625E84D990093315B /* Project object */ = {
			isa = PBXProject;
			attributes = {
				LastSwiftUpdateCheck = 1240;
				LastUpgradeCheck = 1240;
				TargetAttributes = {
					08094C6D25E84D990093315B = {
						CreatedOnToolsVersion = 12.4;
					};
				};
			};
			buildConfigurationList = 08094C6925E84D990093315B /* Build configuration list for PBXProject "NetworkCallPromises" */;
			compatibilityVersion = "Xcode 9.3";
			developmentRegion = en;
			hasScannedForEncodings = 0;
			knownRegions = (
				en,
				Base,
			);
			mainGroup = 08094C6525E84D990093315B;
			productRefGroup = 08094C6F25E84D990093315B /* Products */;
			projectDirPath = "";
			projectRoot = "";
			targets = (
				08094C6D25E84D990093315B /* NetworkCallPromises */,
			);
		};
/* End PBXProject section */

/* Begin PBXResourcesBuildPhase section */
		08094C6C25E84D990093315B /* Resources */ = {
			isa = PBXResourcesBuildPhase;
			buildActionMask = 2147483647;
			files = (
				08094C7E25E84DA90093315B /* LaunchScreen.storyboard in Resources */,
				0884A6C925F1E8D400AB5BDA /* TableViewCell.xib in Resources */,
				08094C7B25E84DA90093315B /* Assets.xcassets in Resources */,
				08094C7925E84D990093315B /* Main.storyboard in Resources */,
			);
			runOnlyForDeploymentPostprocessing = 0;
		};
/* End PBXResourcesBuildPhase section */

/* Begin PBXShellScriptBuildPhase section */
		B0A51AA57422B3656FDA5DD8 /* [CP] Embed Pods Frameworks */ = {
			isa = PBXShellScriptBuildPhase;
			buildActionMask = 2147483647;
			files = (
			);
			inputFileListPaths = (
				"${PODS_ROOT}/Target Support Files/Pods-NetworkCallPromises/Pods-NetworkCallPromises-frameworks-${CONFIGURATION}-input-files.xcfilelist",
			);
			name = "[CP] Embed Pods Frameworks";
			outputFileListPaths = (
				"${PODS_ROOT}/Target Support Files/Pods-NetworkCallPromises/Pods-NetworkCallPromises-frameworks-${CONFIGURATION}-output-files.xcfilelist",
			);
			runOnlyForDeploymentPostprocessing = 0;
			shellPath = /bin/sh;
			shellScript = "\"${PODS_ROOT}/Target Support Files/Pods-NetworkCallPromises/Pods-NetworkCallPromises-frameworks.sh\"\n";
			showEnvVarsInLog = 0;
		};
		E3187426F61AC46FF84ADBAE /* [CP] Check Pods Manifest.lock */ = {
			isa = PBXShellScriptBuildPhase;
			buildActionMask = 2147483647;
			files = (
			);
			inputFileListPaths = (
			);
			inputPaths = (
				"${PODS_PODFILE_DIR_PATH}/Podfile.lock",
				"${PODS_ROOT}/Manifest.lock",
			);
			name = "[CP] Check Pods Manifest.lock";
			outputFileListPaths = (
			);
			outputPaths = (
				"$(DERIVED_FILE_DIR)/Pods-NetworkCallPromises-checkManifestLockResult.txt",
			);
			runOnlyForDeploymentPostprocessing = 0;
			shellPath = /bin/sh;
			shellScript = "diff \"${PODS_PODFILE_DIR_PATH}/Podfile.lock\" \"${PODS_ROOT}/Manifest.lock\" > /dev/null\nif [ $? != 0 ] ; then\n    # print error to STDERR\n    echo \"error: The sandbox is not in sync with the Podfile.lock. Run 'pod install' or update your CocoaPods installation.\" >&2\n    exit 1\nfi\n# This output is used by Xcode 'outputs' to avoid re-running this script phase.\necho \"SUCCESS\" > \"${SCRIPT_OUTPUT_FILE_0}\"\n";
			showEnvVarsInLog = 0;
		};
/* End PBXShellScriptBuildPhase section */

/* Begin PBXSourcesBuildPhase section */
		08094C6A25E84D990093315B /* Sources */ = {
			isa = PBXSourcesBuildPhase;
			buildActionMask = 2147483647;
			files = (
				0884A69625E86E3700AB5BDA /* TableViewController.swift in Sources */,
				0884A6B125F1D82A00AB5BDA /* CovidResponse.swift in Sources */,
				08094C7625E84D990093315B /* ViewController.swift in Sources */,
				0884A69925E8731700AB5BDA /* Constant.swift in Sources */,
				08094C7225E84D990093315B /* AppDelegate.swift in Sources */,
				0884A6C825F1E8D400AB5BDA /* TableViewCell.swift in Sources */,
				08094C7425E84D990093315B /* SceneDelegate.swift in Sources */,
			);
			runOnlyForDeploymentPostprocessing = 0;
		};
/* End PBXSourcesBuildPhase section */

/* Begin PBXVariantGroup section */
		08094C7725E84D990093315B /* Main.storyboard */ = {
			isa = PBXVariantGroup;
			children = (
				08094C7825E84D990093315B /* Base */,
			);
			name = Main.storyboard;
			sourceTree = "<group>";
		};
		08094C7C25E84DA90093315B /* LaunchScreen.storyboard */ = {
			isa = PBXVariantGroup;
			children = (
				08094C7D25E84DA90093315B /* Base */,
			);
			name = LaunchScreen.storyboard;
			sourceTree = "<group>";
		};
/* End PBXVariantGroup section */

/* Begin XCBuildConfiguration section */
		08094C8025E84DA90093315B /* Debug */ = {
			isa = XCBuildConfiguration;
			buildSettings = {
				ALWAYS_SEARCH_USER_PATHS = NO;
				CLANG_ANALYZER_NONNULL = YES;
				CLANG_ANALYZER_NUMBER_OBJECT_CONVERSION = YES_AGGRESSIVE;
				CLANG_CXX_LANGUAGE_STANDARD = "gnu++14";
				CLANG_CXX_LIBRARY = "libc++";
				CLANG_ENABLE_MODULES = YES;
				CLANG_ENABLE_OBJC_ARC = YES;
				CLANG_ENABLE_OBJC_WEAK = YES;
				CLANG_WARN_BLOCK_CAPTURE_AUTORELEASING = YES;
				CLANG_WARN_BOOL_CONVERSION = YES;
				CLANG_WARN_COMMA = YES;
				CLANG_WARN_CONSTANT_CONVERSION = YES;
				CLANG_WARN_DEPRECATED_OBJC_IMPLEMENTATIONS = YES;
				CLANG_WARN_DIRECT_OBJC_ISA_USAGE = YES_ERROR;
				CLANG_WARN_DOCUMENTATION_COMMENTS = YES;
				CLANG_WARN_EMPTY_BODY = YES;
				CLANG_WARN_ENUM_CONVERSION = YES;
				CLANG_WARN_INFINITE_RECURSION = YES;
				CLANG_WARN_INT_CONVERSION = YES;
				CLANG_WARN_NON_LITERAL_NULL_CONVERSION = YES;
				CLANG_WARN_OBJC_IMPLICIT_RETAIN_SELF = YES;
				CLANG_WARN_OBJC_LITERAL_CONVERSION = YES;
				CLANG_WARN_OBJC_ROOT_CLASS = YES_ERROR;
				CLANG_WARN_QUOTED_INCLUDE_IN_FRAMEWORK_HEADER = YES;
				CLANG_WARN_RANGE_LOOP_ANALYSIS = YES;
				CLANG_WARN_STRICT_PROTOTYPES = YES;
				CLANG_WARN_SUSPICIOUS_MOVE = YES;
				CLANG_WARN_UNGUARDED_AVAILABILITY = YES_AGGRESSIVE;
				CLANG_WARN_UNREACHABLE_CODE = YES;
				CLANG_WARN__DUPLICATE_METHOD_MATCH = YES;
				COPY_PHASE_STRIP = NO;
				DEBUG_INFORMATION_FORMAT = dwarf;
				ENABLE_STRICT_OBJC_MSGSEND = YES;
				ENABLE_TESTABILITY = YES;
				GCC_C_LANGUAGE_STANDARD = gnu11;
				GCC_DYNAMIC_NO_PIC = NO;
				GCC_NO_COMMON_BLOCKS = YES;
				GCC_OPTIMIZATION_LEVEL = 0;
				GCC_PREPROCESSOR_DEFINITIONS = (
					"DEBUG=1",
					"$(inherited)",
				);
				GCC_WARN_64_TO_32_BIT_CONVERSION = YES;
				GCC_WARN_ABOUT_RETURN_TYPE = YES_ERROR;
				GCC_WARN_UNDECLARED_SELECTOR = YES;
				GCC_WARN_UNINITIALIZED_AUTOS = YES_AGGRESSIVE;
				GCC_WARN_UNUSED_FUNCTION = YES;
				GCC_WARN_UNUSED_VARIABLE = YES;
				IPHONEOS_DEPLOYMENT_TARGET = 14.4;
				MTL_ENABLE_DEBUG_INFO = INCLUDE_SOURCE;
				MTL_FAST_MATH = YES;
				ONLY_ACTIVE_ARCH = YES;
				SDKROOT = iphoneos;
				SWIFT_ACTIVE_COMPILATION_CONDITIONS = DEBUG;
				SWIFT_OPTIMIZATION_LEVEL = "-Onone";
			};
			name = Debug;
		};
		08094C8125E84DA90093315B /* Release */ = {
			isa = XCBuildConfiguration;
			buildSettings = {
				ALWAYS_SEARCH_USER_PATHS = NO;
				CLANG_ANALYZER_NONNULL = YES;
				CLANG_ANALYZER_NUMBER_OBJECT_CONVERSION = YES_AGGRESSIVE;
				CLANG_CXX_LANGUAGE_STANDARD = "gnu++14";
				CLANG_CXX_LIBRARY = "libc++";
				CLANG_ENABLE_MODULES = YES;
				CLANG_ENABLE_OBJC_ARC = YES;
				CLANG_ENABLE_OBJC_WEAK = YES;
				CLANG_WARN_BLOCK_CAPTURE_AUTORELEASING = YES;
				CLANG_WARN_BOOL_CONVERSION = YES;
				CLANG_WARN_COMMA = YES;
				CLANG_WARN_CONSTANT_CONVERSION = YES;
				CLANG_WARN_DEPRECATED_OBJC_IMPLEMENTATIONS = YES;
				CLANG_WARN_DIRECT_OBJC_ISA_USAGE = YES_ERROR;
				CLANG_WARN_DOCUMENTATION_COMMENTS = YES;
				CLANG_WARN_EMPTY_BODY = YES;
				CLANG_WARN_ENUM_CONVERSION = YES;
				CLANG_WARN_INFINITE_RECURSION = YES;
				CLANG_WARN_INT_CONVERSION = YES;
				CLANG_WARN_NON_LITERAL_NULL_CONVERSION = YES;
				CLANG_WARN_OBJC_IMPLICIT_RETAIN_SELF = YES;
				CLANG_WARN_OBJC_LITERAL_CONVERSION = YES;
				CLANG_WARN_OBJC_ROOT_CLASS = YES_ERROR;
				CLANG_WARN_QUOTED_INCLUDE_IN_FRAMEWORK_HEADER = YES;
				CLANG_WARN_RANGE_LOOP_ANALYSIS = YES;
				CLANG_WARN_STRICT_PROTOTYPES = YES;
				CLANG_WARN_SUSPICIOUS_MOVE = YES;
				CLANG_WARN_UNGUARDED_AVAILABILITY = YES_AGGRESSIVE;
				CLANG_WARN_UNREACHABLE_CODE = YES;
				CLANG_WARN__DUPLICATE_METHOD_MATCH = YES;
				COPY_PHASE_STRIP = NO;
				DEBUG_INFORMATION_FORMAT = "dwarf-with-dsym";
				ENABLE_NS_ASSERTIONS = NO;
				ENABLE_STRICT_OBJC_MSGSEND = YES;
				GCC_C_LANGUAGE_STANDARD = gnu11;
				GCC_NO_COMMON_BLOCKS = YES;
				GCC_WARN_64_TO_32_BIT_CONVERSION = YES;
				GCC_WARN_ABOUT_RETURN_TYPE = YES_ERROR;
				GCC_WARN_UNDECLARED_SELECTOR = YES;
				GCC_WARN_UNINITIALIZED_AUTOS = YES_AGGRESSIVE;
				GCC_WARN_UNUSED_FUNCTION = YES;
				GCC_WARN_UNUSED_VARIABLE = YES;
				IPHONEOS_DEPLOYMENT_TARGET = 14.4;
				MTL_ENABLE_DEBUG_INFO = NO;
				MTL_FAST_MATH = YES;
				SDKROOT = iphoneos;
				SWIFT_COMPILATION_MODE = wholemodule;
				SWIFT_OPTIMIZATION_LEVEL = "-O";
				VALIDATE_PRODUCT = YES;
			};
			name = Release;
		};
		08094C8325E84DA90093315B /* Debug */ = {
			isa = XCBuildConfiguration;
			baseConfigurationReference = 050C27703D7FA24282267414 /* Pods-NetworkCallPromises.debug.xcconfig */;
			buildSettings = {
				ASSETCATALOG_COMPILER_APPICON_NAME = AppIcon;
				ASSETCATALOG_COMPILER_GLOBAL_ACCENT_COLOR_NAME = AccentColor;
				CODE_SIGN_STYLE = Automatic;
				DEVELOPMENT_TEAM = G8P8HY255N;
				INFOPLIST_FILE = NetworkCallPromises/Info.plist;
				LD_RUNPATH_SEARCH_PATHS = (
					"$(inherited)",
					"@executable_path/Frameworks",
				);
				PRODUCT_BUNDLE_IDENTIFIER = edu.northeastern.singh.NetworkCallPromises;
				PRODUCT_NAME = "$(TARGET_NAME)";
				SWIFT_VERSION = 5.0;
				TARGETED_DEVICE_FAMILY = "1,2";
			};
			name = Debug;
		};
		08094C8425E84DA90093315B /* Release */ = {
			isa = XCBuildConfiguration;
			baseConfigurationReference = 4689D8B75ECCC7902767B60E /* Pods-NetworkCallPromises.release.xcconfig */;
			buildSettings = {
				ASSETCATALOG_COMPILER_APPICON_NAME = AppIcon;
				ASSETCATALOG_COMPILER_GLOBAL_ACCENT_COLOR_NAME = AccentColor;
				CODE_SIGN_STYLE = Automatic;
				DEVELOPMENT_TEAM = G8P8HY255N;
				INFOPLIST_FILE = NetworkCallPromises/Info.plist;
				LD_RUNPATH_SEARCH_PATHS = (
					"$(inherited)",
					"@executable_path/Frameworks",
				);
				PRODUCT_BUNDLE_IDENTIFIER = edu.northeastern.singh.NetworkCallPromises;
				PRODUCT_NAME = "$(TARGET_NAME)";
				SWIFT_VERSION = 5.0;
				TARGETED_DEVICE_FAMILY = "1,2";
			};
			name = Release;
		};
/* End XCBuildConfiguration section */

/* Begin XCConfigurationList section */
		08094C6925E84D990093315B /* Build configuration list for PBXProject "NetworkCallPromises" */ = {
			isa = XCConfigurationList;
			buildConfigurations = (
				08094C8025E84DA90093315B /* Debug */,
				08094C8125E84DA90093315B /* Release */,
			);
			defaultConfigurationIsVisible = 0;
			defaultConfigurationName = Release;
		};
		08094C8225E84DA90093315B /* Build configuration list for PBXNativeTarget "NetworkCallPromises" */ = {
			isa = XCConfigurationList;
			buildConfigurations = (
				08094C8325E84DA90093315B /* Debug */,
				08094C8425E84DA90093315B /* Release */,
			);
			defaultConfigurationIsVisible = 0;
			defaultConfigurationName = Release;
		};
/* End XCConfigurationList section */
	};
	rootObject = 08094C6625E84D990093315B /* Project object */;
}
